
Microsoft Visual Studio Solution File, Format Version 12.00
# Visual Studio 2012
Project("{FAE04EC0-301F-11D3-BF4B-00C04F79EFBC}") = "Thingamabot", "Thingamabot.csproj", "{2FD81614-395F-49F1-B81B-38A1E675EAAE}"
EndProject
Global
	GlobalSection(SolutionConfigurationPlatforms) = preSolution
		Debug|iPhoneSimulator = Debug|iPhoneSimulator
		Release|iPhoneSimulator = Release|iPhoneSimulator
		Debug|iPhone = Debug|iPhone
		Release|iPhone = Release|iPhone
		Ad-Hoc|iPhone = Ad-Hoc|iPhone
		AppStore|iPhone = AppStore|iPhone
	EndGlobalSection
	GlobalSection(ProjectConfigurationPlatforms) = postSolution
		{2FD81614-395F-49F1-B81B-38A1E675EAAE}.Ad-Hoc|iPhone.ActiveCfg = Ad-Hoc|iPhone
		{2FD81614-395F-49F1-B81B-38A1E675EAAE}.Ad-Hoc|iPhone.Build.0 = Ad-Hoc|iPhone
		{2FD81614-395F-49F1-B81B-38A1E675EAAE}.AppStore|iPhone.ActiveCfg = AppStore|iPhone
		{2FD81614-395F-49F1-B81B-38A1E675EAAE}.AppStore|iPhone.Build.0 = AppStore|iPhone
		{2FD81614-395F-49F1-B81B-38A1E675EAAE}.Debug|iPhone.ActiveCfg = Debug|iPhone
		{2FD81614-395F-49F1-B81B-38A1E675EAAE}.Debug|iPhone.Build.0 = Debug|iPhone
		{2FD81614-395F-49F1-B81B-38A1E675EAAE}.Debug|iPhoneSimulator.ActiveCfg = Debug|iPhoneSimulator
		{2FD81614-395F-49F1-B81B-38A1E675EAAE}.Debug|iPhoneSimulator.Build.0 = Debug|iPhoneSimulator
		{2FD81614-395F-49F1-B81B-38A1E675EAAE}.Release|iPhone.ActiveCfg = Release|iPhone
		{2FD81614-395F-49F1-B81B-38A1E675EAAE}.Release|iPhone.Build.0 = Release|iPhone
		{2FD81614-395F-49F1-B81B-38A1E675EAAE}.Release|iPhoneSimulator.ActiveCfg = Release|iPhoneSimulator
		{2FD81614-395F-49F1-B81B-38A1E675EAAE}.Release|iPhoneSimulator.Build.0 = Release|iPhoneSimulator
	EndGlobalSection
EndGlobal
